
Microsoft Visual Studio Solution File, Format Version 12.00
# Visual Studio Version 17
VisualStudioVersion = 17.13.35913.81
MinimumVisualStudioVersion = 10.0.40219.1
Project("{2150E333-8FDC-42A3-9474-1A3956D46DE8}") = "01.TF.WebApi", "01.TF.WebApi", "{02EA681E-C7D8-13C7-8484-4AC65E1B71E8}"
EndProject
Project("{2150E333-8FDC-42A3-9474-1A3956D46DE8}") = "02.TF.Manager", "02.TF.Manager", "{3E24E037-068A-4F25-99A3-3FCD0D4CF11E}"
EndProject
Project("{2150E333-8FDC-42A3-9474-1A3956D46DE8}") = "03.TF.Data", "03.TF.Data", "{7A90BE7B-B387-4ACD-B439-D0D4B72F922C}"
EndProject
Project("{2150E333-8FDC-42A3-9474-1A3956D46DE8}") = "04.TF.Core", "04.TF.Core", "{2E23DE72-A5BC-43FB-96E6-BFF58A08DBC9}"
EndProject
Project("{2150E333-8FDC-42A3-9474-1A3956D46DE8}") = "05.TF.Tests", "05.TF.Tests", "{27532389-42F1-40C4-8190-FBE84FDB017C}"
EndProject
Project("{FAE04EC0-301F-11D3-BF4B-00C04F79EFBC}") = "TF.WebApi", "TF.WebApi\TF.WebApi.csproj", "{F508DF4D-2DC5-4A7C-9B1D-36C155C64481}"
EndProject
Project("{FAE04EC0-301F-11D3-BF4B-00C04F79EFBC}") = "TF.Manager", "TF.Manager\TF.Manager.csproj", "{79C6FD9B-9418-4FFF-AA31-D69AFB1A0A07}"
	ProjectSection(ProjectDependencies) = postProject
		{6E938CF7-29AE-48E8-8342-A43CDE2D6B04} = {6E938CF7-29AE-48E8-8342-A43CDE2D6B04}
		{8403017C-4CD4-4629-8EA4-EDB347E344D9} = {8403017C-4CD4-4629-8EA4-EDB347E344D9}
		{E3068122-EAEF-42F4-A12C-9C8B3795847C} = {E3068122-EAEF-42F4-A12C-9C8B3795847C}
	EndProjectSection
EndProject
Project("{FAE04EC0-301F-11D3-BF4B-00C04F79EFBC}") = "TF.Data", "TF.Data\TF.Data.csproj", "{8403017C-4CD4-4629-8EA4-EDB347E344D9}"
	ProjectSection(ProjectDependencies) = postProject
		{E3068122-EAEF-42F4-A12C-9C8B3795847C} = {E3068122-EAEF-42F4-A12C-9C8B3795847C}
	EndProjectSection
EndProject
Project("{FAE04EC0-301F-11D3-BF4B-00C04F79EFBC}") = "TF.Core", "TF.Core\TF.Core.csproj", "{E3068122-EAEF-42F4-A12C-9C8B3795847C}"
EndProject
Project("{FAE04EC0-301F-11D3-BF4B-00C04F79EFBC}") = "TF.Core.Shared", "TF.Core.Shared\TF.Core.Shared.csproj", "{6E938CF7-29AE-48E8-8342-A43CDE2D6B04}"
EndProject
Global
	GlobalSection(SolutionConfigurationPlatforms) = preSolution
		Debug|Any CPU = Debug|Any CPU
		Release|Any CPU = Release|Any CPU
	EndGlobalSection
	GlobalSection(ProjectConfigurationPlatforms) = postSolution
		{F508DF4D-2DC5-4A7C-9B1D-36C155C64481}.Debug|Any CPU.ActiveCfg = Debug|Any CPU
		{F508DF4D-2DC5-4A7C-9B1D-36C155C64481}.Debug|Any CPU.Build.0 = Debug|Any CPU
		{F508DF4D-2DC5-4A7C-9B1D-36C155C64481}.Release|Any CPU.ActiveCfg = Release|Any CPU
		{F508DF4D-2DC5-4A7C-9B1D-36C155C64481}.Release|Any CPU.Build.0 = Release|Any CPU
		{79C6FD9B-9418-4FFF-AA31-D69AFB1A0A07}.Debug|Any CPU.ActiveCfg = Debug|Any CPU
		{79C6FD9B-9418-4FFF-AA31-D69AFB1A0A07}.Debug|Any CPU.Build.0 = Debug|Any CPU
		{79C6FD9B-9418-4FFF-AA31-D69AFB1A0A07}.Release|Any CPU.ActiveCfg = Release|Any CPU
		{79C6FD9B-9418-4FFF-AA31-D69AFB1A0A07}.Release|Any CPU.Build.0 = Release|Any CPU
		{8403017C-4CD4-4629-8EA4-EDB347E344D9}.Debug|Any CPU.ActiveCfg = Debug|Any CPU
		{8403017C-4CD4-4629-8EA4-EDB347E344D9}.Debug|Any CPU.Build.0 = Debug|Any CPU
		{8403017C-4CD4-4629-8EA4-EDB347E344D9}.Release|Any CPU.ActiveCfg = Release|Any CPU
		{8403017C-4CD4-4629-8EA4-EDB347E344D9}.Release|Any CPU.Build.0 = Release|Any CPU
		{E3068122-EAEF-42F4-A12C-9C8B3795847C}.Debug|Any CPU.ActiveCfg = Debug|Any CPU
		{E3068122-EAEF-42F4-A12C-9C8B3795847C}.Debug|Any CPU.Build.0 = Debug|Any CPU
		{E3068122-EAEF-42F4-A12C-9C8B3795847C}.Release|Any CPU.ActiveCfg = Release|Any CPU
		{E3068122-EAEF-42F4-A12C-9C8B3795847C}.Release|Any CPU.Build.0 = Release|Any CPU
		{6E938CF7-29AE-48E8-8342-A43CDE2D6B04}.Debug|Any CPU.ActiveCfg = Debug|Any CPU
		{6E938CF7-29AE-48E8-8342-A43CDE2D6B04}.Debug|Any CPU.Build.0 = Debug|Any CPU
		{6E938CF7-29AE-48E8-8342-A43CDE2D6B04}.Release|Any CPU.ActiveCfg = Release|Any CPU
		{6E938CF7-29AE-48E8-8342-A43CDE2D6B04}.Release|Any CPU.Build.0 = Release|Any CPU
	EndGlobalSection
	GlobalSection(SolutionProperties) = preSolution
		HideSolutionNode = FALSE
	EndGlobalSection
	GlobalSection(NestedProjects) = preSolution
		{F508DF4D-2DC5-4A7C-9B1D-36C155C64481} = {02EA681E-C7D8-13C7-8484-4AC65E1B71E8}
		{79C6FD9B-9418-4FFF-AA31-D69AFB1A0A07} = {3E24E037-068A-4F25-99A3-3FCD0D4CF11E}
		{8403017C-4CD4-4629-8EA4-EDB347E344D9} = {7A90BE7B-B387-4ACD-B439-D0D4B72F922C}
		{E3068122-EAEF-42F4-A12C-9C8B3795847C} = {2E23DE72-A5BC-43FB-96E6-BFF58A08DBC9}
		{6E938CF7-29AE-48E8-8342-A43CDE2D6B04} = {2E23DE72-A5BC-43FB-96E6-BFF58A08DBC9}
	EndGlobalSection
	GlobalSection(ExtensibilityGlobals) = postSolution
		SolutionGuid = {E37C44ED-C141-4AC0-9DD6-FB64F1D75E5F}
	EndGlobalSection
EndGlobal
