
Microsoft Visual Studio Solution File, Format Version 12.00
# Visual Studio Version 17
VisualStudioVersion = 17.13.35913.81
MinimumVisualStudioVersion = 10.0.40219.1
Project("{2150E333-8FDC-42A3-9474-1A3956D46DE8}") = "01.VT.WebApi", "01.VT.WebApi", "{02EA681E-C7D8-13C7-8484-4AC65E1B71E8}"
EndProject
Project("{2150E333-8FDC-42A3-9474-1A3956D46DE8}") = "02.VT.Manager", "02.VT.Manager", "{3E24E037-068A-4F25-99A3-3FCD0D4CF11E}"
EndProject
Project("{2150E333-8FDC-42A3-9474-1A3956D46DE8}") = "03.VT.Data", "03.VT.Data", "{7A90BE7B-B387-4ACD-B439-D0D4B72F922C}"
EndProject
Project("{2150E333-8FDC-42A3-9474-1A3956D46DE8}") = "04.VT.Core", "04.VT.Core", "{2E23DE72-A5BC-43FB-96E6-BFF58A08DBC9}"
EndProject
Project("{2150E333-8FDC-42A3-9474-1A3956D46DE8}") = "05.TF.Tests", "05.TF.Tests", "{27532389-42F1-40C4-8190-FBE84FDB017C}"
EndProject
Project("{FAE04EC0-301F-11D3-BF4B-00C04F79EFBC}") = "VT.WebApi", "VT.WebApi\VT.WebApi.csproj", "{64C62A7A-B409-D161-B0ED-4CB288A64008}"
EndProject
Project("{FAE04EC0-301F-11D3-BF4B-00C04F79EFBC}") = "VT.Data", "VT.Data\VT.Data.csproj", "{278416DD-A560-523D-E903-8D22E6D11794}"
EndProject
Project("{FAE04EC0-301F-11D3-BF4B-00C04F79EFBC}") = "VT.Core", "VT.Core\VT.Core.csproj", "{AF20DEE4-9CC8-F61E-034F-FE3D81821ED0}"
EndProject
Project("{FAE04EC0-301F-11D3-BF4B-00C04F79EFBC}") = "VT.Core.Shared", "VT.Core.Shared\VT.Core.Shared.csproj", "{10018524-4288-4D29-A8A0-96C470011041}"
EndProject
Project("{FAE04EC0-301F-11D3-BF4B-00C04F79EFBC}") = "VT.Manager", "VT.Manager\VT.Manager.csproj", "{BD10BCA9-018A-7B30-2EB3-094E063BF48A}"
EndProject
Global
	GlobalSection(SolutionConfigurationPlatforms) = preSolution
		Debug|Any CPU = Debug|Any CPU
		Release|Any CPU = Release|Any CPU
	EndGlobalSection
	GlobalSection(ProjectConfigurationPlatforms) = postSolution
		{64C62A7A-B409-D161-B0ED-4CB288A64008}.Debug|Any CPU.ActiveCfg = Debug|Any CPU
		{64C62A7A-B409-D161-B0ED-4CB288A64008}.Debug|Any CPU.Build.0 = Debug|Any CPU
		{64C62A7A-B409-D161-B0ED-4CB288A64008}.Release|Any CPU.ActiveCfg = Release|Any CPU
		{64C62A7A-B409-D161-B0ED-4CB288A64008}.Release|Any CPU.Build.0 = Release|Any CPU
		{278416DD-A560-523D-E903-8D22E6D11794}.Debug|Any CPU.ActiveCfg = Debug|Any CPU
		{278416DD-A560-523D-E903-8D22E6D11794}.Debug|Any CPU.Build.0 = Debug|Any CPU
		{278416DD-A560-523D-E903-8D22E6D11794}.Release|Any CPU.ActiveCfg = Release|Any CPU
		{278416DD-A560-523D-E903-8D22E6D11794}.Release|Any CPU.Build.0 = Release|Any CPU
		{AF20DEE4-9CC8-F61E-034F-FE3D81821ED0}.Debug|Any CPU.ActiveCfg = Debug|Any CPU
		{AF20DEE4-9CC8-F61E-034F-FE3D81821ED0}.Debug|Any CPU.Build.0 = Debug|Any CPU
		{AF20DEE4-9CC8-F61E-034F-FE3D81821ED0}.Release|Any CPU.ActiveCfg = Release|Any CPU
		{AF20DEE4-9CC8-F61E-034F-FE3D81821ED0}.Release|Any CPU.Build.0 = Release|Any CPU
		{10018524-4288-4D29-A8A0-96C470011041}.Debug|Any CPU.ActiveCfg = Debug|Any CPU
		{10018524-4288-4D29-A8A0-96C470011041}.Debug|Any CPU.Build.0 = Debug|Any CPU
		{10018524-4288-4D29-A8A0-96C470011041}.Release|Any CPU.ActiveCfg = Release|Any CPU
		{10018524-4288-4D29-A8A0-96C470011041}.Release|Any CPU.Build.0 = Release|Any CPU
		{BD10BCA9-018A-7B30-2EB3-094E063BF48A}.Debug|Any CPU.ActiveCfg = Debug|Any CPU
		{BD10BCA9-018A-7B30-2EB3-094E063BF48A}.Debug|Any CPU.Build.0 = Debug|Any CPU
		{BD10BCA9-018A-7B30-2EB3-094E063BF48A}.Release|Any CPU.ActiveCfg = Release|Any CPU
		{BD10BCA9-018A-7B30-2EB3-094E063BF48A}.Release|Any CPU.Build.0 = Release|Any CPU
	EndGlobalSection
	GlobalSection(SolutionProperties) = preSolution
		HideSolutionNode = FALSE
	EndGlobalSection
	GlobalSection(NestedProjects) = preSolution
		{64C62A7A-B409-D161-B0ED-4CB288A64008} = {02EA681E-C7D8-13C7-8484-4AC65E1B71E8}
		{278416DD-A560-523D-E903-8D22E6D11794} = {7A90BE7B-B387-4ACD-B439-D0D4B72F922C}
		{AF20DEE4-9CC8-F61E-034F-FE3D81821ED0} = {2E23DE72-A5BC-43FB-96E6-BFF58A08DBC9}
		{10018524-4288-4D29-A8A0-96C470011041} = {2E23DE72-A5BC-43FB-96E6-BFF58A08DBC9}
		{BD10BCA9-018A-7B30-2EB3-094E063BF48A} = {3E24E037-068A-4F25-99A3-3FCD0D4CF11E}
	EndGlobalSection
	GlobalSection(ExtensibilityGlobals) = postSolution
		SolutionGuid = {E37C44ED-C141-4AC0-9DD6-FB64F1D75E5F}
	EndGlobalSection
EndGlobal
